
Microsoft Visual Studio Solution File, Format Version 12.00
# Visual Studio Version 17
VisualStudioVersion = 17.4.33205.214
MinimumVisualStudioVersion = 10.0.40219.1
Project("{FAE04EC0-301F-11D3-BF4B-00C04F79EFBC}") = "Inheritance", "Inheritance\Inheritance.csproj", "{4A6CFCEB-F7C5-4689-A6C2-57281744773E}"
EndProject
Global
	GlobalSection(SolutionConfigurationPlatforms) = preSolution
		Debug|Any CPU = Debug|Any CPU
		Release|Any CPU = Release|Any CPU
	EndGlobalSection
	GlobalSection(ProjectConfigurationPlatforms) = postSolution
		{4A6CFCEB-F7C5-4689-A6C2-57281744773E}.Debug|Any CPU.ActiveCfg = Debug|Any CPU
		{4A6CFCEB-F7C5-4689-A6C2-57281744773E}.Debug|Any CPU.Build.0 = Debug|Any CPU
		{4A6CFCEB-F7C5-4689-A6C2-57281744773E}.Release|Any CPU.ActiveCfg = Release|Any CPU
		{4A6CFCEB-F7C5-4689-A6C2-57281744773E}.Release|Any CPU.Build.0 = Release|Any CPU
	EndGlobalSection
	GlobalSection(SolutionProperties) = preSolution
		HideSolutionNode = FALSE
	EndGlobalSection
	GlobalSection(ExtensibilityGlobals) = postSolution
		SolutionGuid = {6E7C638E-1F04-4238-B7DC-6AE69D405EE6}
	EndGlobalSection
EndGlobal
